
Microsoft Visual Studio Solution File, Format Version 12.00
# Visual Studio Version 16
VisualStudioVersion = 16.0.32602.291
MinimumVisualStudioVersion = 10.0.40219.1
Project("{FAE04EC0-301F-11D3-BF4B-00C04F79EFBC}") = "ChatRoom", "ChatRoom\ChatRoom.csproj", "{A92E768F-3CD4-4C57-9D92-EE2254EA3325}"
EndProject
Global
	GlobalSection(SolutionConfigurationPlatforms) = preSolution
		Debug|Any CPU = Debug|Any CPU
		Release|Any CPU = Release|Any CPU
	EndGlobalSection
	GlobalSection(ProjectConfigurationPlatforms) = postSolution
		{A92E768F-3CD4-4C57-9D92-EE2254EA3325}.Debug|Any CPU.ActiveCfg = Debug|Any CPU
		{A92E768F-3CD4-4C57-9D92-EE2254EA3325}.Debug|Any CPU.Build.0 = Debug|Any CPU
		{A92E768F-3CD4-4C57-9D92-EE2254EA3325}.Release|Any CPU.ActiveCfg = Release|Any CPU
		{A92E768F-3CD4-4C57-9D92-EE2254EA3325}.Release|Any CPU.Build.0 = Release|Any CPU
	EndGlobalSection
	GlobalSection(SolutionProperties) = preSolution
		HideSolutionNode = FALSE
	EndGlobalSection
	GlobalSection(ExtensibilityGlobals) = postSolution
		SolutionGuid = {24F11B09-0CF2-43A8-9B27-660000805AA1}
	EndGlobalSection
EndGlobal
